// !$*UTF8*$!
{
	archiveVersion = 1;
	classes = {
	};
	objectVersion = 46;
	objects = {

/* Begin PBXBuildFile section */
		5011AD1F1DAD33E3007821F5 /* HearderDefine.swift in Sources */ = {isa = PBXBuildFile; fileRef = 5011AD1E1DAD33E3007821F5 /* HearderDefine.swift */; };
		8E595D0D1DB4D2BC0078BCC3 /* LocationViewController.swift in Sources */ = {isa = PBXBuildFile; fileRef = 8E595D0C1DB4D2BC0078BCC3 /* LocationViewController.swift */; };
		8E5A20091DAE1E290076CFB1 /* LocalVedioViewController.swift in Sources */ = {isa = PBXBuildFile; fileRef = 8E5A20081DAE1E290076CFB1 /* LocalVedioViewController.swift */; };
		8E5A200B1DAE1F160076CFB1 /* LocalVedioCell.swift in Sources */ = {isa = PBXBuildFile; fileRef = 8E5A200A1DAE1F160076CFB1 /* LocalVedioCell.swift */; };
		8E5A200D1DAE20780076CFB1 /* emoji zone.mp4 in Resources */ = {isa = PBXBuildFile; fileRef = 8E5A200C1DAE20780076CFB1 /* emoji zone.mp4 */; };
		8E6BFC941DACE7C7009B6E10 /* FirstViewController.swift in Sources */ = {isa = PBXBuildFile; fileRef = 8E6BFC931DACE7C7009B6E10 /* FirstViewController.swift */; };
		8E82AAB11DB70BE600286A91 /* ImagePreScrollView.swift in Sources */ = {isa = PBXBuildFile; fileRef = 8E82AAB01DB70BE600286A91 /* ImagePreScrollView.swift */; };
		8E8539B81DB0710B002642BA /* ImageBrowserViewController.swift in Sources */ = {isa = PBXBuildFile; fileRef = 8E8539B71DB0710B002642BA /* ImageBrowserViewController.swift */; };
		8E8539BA1DB071BF002642BA /* LClineLayout.swift in Sources */ = {isa = PBXBuildFile; fileRef = 8E8539B91DB071BF002642BA /* LClineLayout.swift */; };
		8E8539BC1DB07275002642BA /* LineCollectionViewCell.swift in Sources */ = {isa = PBXBuildFile; fileRef = 8E8539BB1DB07275002642BA /* LineCollectionViewCell.swift */; };
		8E8900041DADDDD800D81CBA /* Gaspar Regular.otf in Resources */ = {isa = PBXBuildFile; fileRef = 8E8900001DADDDD800D81CBA /* Gaspar Regular.otf */; };
		8E8900051DADDDD800D81CBA /* MFJinHei_Noncommercial-Regular.ttf in Resources */ = {isa = PBXBuildFile; fileRef = 8E8900011DADDDD800D81CBA /* MFJinHei_Noncommercial-Regular.ttf */; };
		8E8900061DADDDD800D81CBA /* MFTongXin_Noncommercial-Regular.ttf in Resources */ = {isa = PBXBuildFile; fileRef = 8E8900021DADDDD800D81CBA /* MFTongXin_Noncommercial-Regular.ttf */; };
		8E8900071DADDDD800D81CBA /* MFZhiHei_Noncommercial-Regular.ttf in Resources */ = {isa = PBXBuildFile; fileRef = 8E8900031DADDDD800D81CBA /* MFZhiHei_Noncommercial-Regular.ttf */; };
		8E8900091DADDFEC00D81CBA /* FontLearnViewController.swift in Sources */ = {isa = PBXBuildFile; fileRef = 8E8900081DADDFEC00D81CBA /* FontLearnViewController.swift */; };
		8E89000B1DADE33A00D81CBA /* BaseNaviController.swift in Sources */ = {isa = PBXBuildFile; fileRef = 8E89000A1DADE33A00D81CBA /* BaseNaviController.swift */; };
		8E89000F1DADEC0D00D81CBA /* UINavigationBar+axesome.swift in Sources */ = {isa = PBXBuildFile; fileRef = 8E89000E1DADEC0D00D81CBA /* UINavigationBar+axesome.swift */; };
		8E89FFFB1DADDAAD00D81CBA /* TimeLearnViewController.swift in Sources */ = {isa = PBXBuildFile; fileRef = 8E89FFFA1DADDAAD00D81CBA /* TimeLearnViewController.swift */; };
		8ECF6D1C1DB7687100CF42FC /* BackGroundVideoController.swift in Sources */ = {isa = PBXBuildFile; fileRef = 8ECF6D1B1DB7687100CF42FC /* BackGroundVideoController.swift */; };
		8ECF6D1E1DB76A0100CF42FC /* moments.mp4 in Resources */ = {isa = PBXBuildFile; fileRef = 8ECF6D1D1DB76A0100CF42FC /* moments.mp4 */; };
		8ECF6D201DB777BD00CF42FC /* LoginViewController.swift in Sources */ = {isa = PBXBuildFile; fileRef = 8ECF6D1F1DB777BD00CF42FC /* LoginViewController.swift */; };
		8EDE3B771DB5D50300412C49 /* PullRefreshViewController.swift in Sources */ = {isa = PBXBuildFile; fileRef = 8EDE3B761DB5D50300412C49 /* PullRefreshViewController.swift */; };
		8EDE3B791DB5FEAD00412C49 /* Ecstasy.mp3 in Resources */ = {isa = PBXBuildFile; fileRef = 8EDE3B781DB5FEAD00412C49 /* Ecstasy.mp3 */; };
		8EDE3B7B1DB5FECF00412C49 /* AudioAndColorViewController.swift in Sources */ = {isa = PBXBuildFile; fileRef = 8EDE3B7A1DB5FECF00412C49 /* AudioAndColorViewController.swift */; };
		8EDE3B7D1DB60F3B00412C49 /* ImagePreViewController.swift in Sources */ = {isa = PBXBuildFile; fileRef = 8EDE3B7C1DB60F3B00412C49 /* ImagePreViewController.swift */; };
		8EDE4FD21DACE1FF009FD5A3 /* AppDelegate.swift in Sources */ = {isa = PBXBuildFile; fileRef = 8EDE4FD11DACE1FF009FD5A3 /* AppDelegate.swift */; };
		8EDE4FD91DACE1FF009FD5A3 /* Assets.xcassets in Resources */ = {isa = PBXBuildFile; fileRef = 8EDE4FD81DACE1FF009FD5A3 /* Assets.xcassets */; };
		8EDE4FDC1DACE1FF009FD5A3 /* LaunchScreen.storyboard in Resources */ = {isa = PBXBuildFile; fileRef = 8EDE4FDA1DACE1FF009FD5A3 /* LaunchScreen.storyboard */; };
		8EDE4FE71DACE1FF009FD5A3 /* LearningSwiftTests.swift in Sources */ = {isa = PBXBuildFile; fileRef = 8EDE4FE61DACE1FF009FD5A3 /* LearningSwiftTests.swift */; };
		8EDE4FF21DACE1FF009FD5A3 /* LearningSwiftUITests.swift in Sources */ = {isa = PBXBuildFile; fileRef = 8EDE4FF11DACE1FF009FD5A3 /* LearningSwiftUITests.swift */; };
		8EDE50001DACE3AC009FD5A3 /* MainViewController.swift in Sources */ = {isa = PBXBuildFile; fileRef = 8EDE4FFF1DACE3AC009FD5A3 /* MainViewController.swift */; };
		8EE535491DB1E7FF004BF2F7 /* MoveTestViewController.swift in Sources */ = {isa = PBXBuildFile; fileRef = 8EE535481DB1E7FF004BF2F7 /* MoveTestViewController.swift */; };
		8EE5354B1DB1E810004BF2F7 /* LeftViewController.swift in Sources */ = {isa = PBXBuildFile; fileRef = 8EE5354A1DB1E810004BF2F7 /* LeftViewController.swift */; };
		8EE5354D1DB1E819004BF2F7 /* RightViewController.swift in Sources */ = {isa = PBXBuildFile; fileRef = 8EE5354C1DB1E819004BF2F7 /* RightViewController.swift */; };
		8EE5354F1DB1E822004BF2F7 /* CenterViewController.swift in Sources */ = {isa = PBXBuildFile; fileRef = 8EE5354E1DB1E822004BF2F7 /* CenterViewController.swift */; };
/* End PBXBuildFile section */

/* Begin PBXContainerItemProxy section */
		8EDE4FE31DACE1FF009FD5A3 /* PBXContainerItemProxy */ = {
			isa = PBXContainerItemProxy;
			containerPortal = 8EDE4FC61DACE1FF009FD5A3 /* Project object */;
			proxyType = 1;
			remoteGlobalIDString = 8EDE4FCD1DACE1FF009FD5A3;
			remoteInfo = LearningSwift;
		};
		8EDE4FEE1DACE1FF009FD5A3 /* PBXContainerItemProxy */ = {
			isa = PBXContainerItemProxy;
			containerPortal = 8EDE4FC61DACE1FF009FD5A3 /* Project object */;
			proxyType = 1;
			remoteGlobalIDString = 8EDE4FCD1DACE1FF009FD5A3;
			remoteInfo = LearningSwift;
		};
/* End PBXContainerItemProxy section */

/* Begin PBXFileReference section */
		5011AD1E1DAD33E3007821F5 /* HearderDefine.swift */ = {isa = PBXFileReference; fileEncoding = 4; lastKnownFileType = sourcecode.swift; path = HearderDefine.swift; sourceTree = "<group>"; };
		8E595D0C1DB4D2BC0078BCC3 /* LocationViewController.swift */ = {isa = PBXFileReference; fileEncoding = 4; lastKnownFileType = sourcecode.swift; path = LocationViewController.swift; sourceTree = "<group>"; };
		8E5A20081DAE1E290076CFB1 /* LocalVedioViewController.swift */ = {isa = PBXFileReference; fileEncoding = 4; lastKnownFileType = sourcecode.swift; path = LocalVedioViewController.swift; sourceTree = "<group>"; };
		8E5A200A1DAE1F160076CFB1 /* LocalVedioCell.swift */ = {isa = PBXFileReference; fileEncoding = 4; lastKnownFileType = sourcecode.swift; path = LocalVedioCell.swift; sourceTree = "<group>"; };
		8E5A200C1DAE20780076CFB1 /* emoji zone.mp4 */ = {isa = PBXFileReference; lastKnownFileType = file; path = "emoji zone.mp4"; sourceTree = "<group>"; };
		8E6BFC931DACE7C7009B6E10 /* FirstViewController.swift */ = {isa = PBXFileReference; fileEncoding = 4; lastKnownFileType = sourcecode.swift; path = FirstViewController.swift; sourceTree = "<group>"; };
		8E82AAB01DB70BE600286A91 /* ImagePreScrollView.swift */ = {isa = PBXFileReference; fileEncoding = 4; lastKnownFileType = sourcecode.swift; path = ImagePreScrollView.swift; sourceTree = "<group>"; };
		8E8539B71DB0710B002642BA /* ImageBrowserViewController.swift */ = {isa = PBXFileReference; fileEncoding = 4; lastKnownFileType = sourcecode.swift; path = ImageBrowserViewController.swift; sourceTree = "<group>"; };
		8E8539B91DB071BF002642BA /* LClineLayout.swift */ = {isa = PBXFileReference; fileEncoding = 4; lastKnownFileType = sourcecode.swift; path = LClineLayout.swift; sourceTree = "<group>"; };
		8E8539BB1DB07275002642BA /* LineCollectionViewCell.swift */ = {isa = PBXFileReference; fileEncoding = 4; lastKnownFileType = sourcecode.swift; path = LineCollectionViewCell.swift; sourceTree = "<group>"; };
		8E8900001DADDDD800D81CBA /* Gaspar Regular.otf */ = {isa = PBXFileReference; lastKnownFileType = file; path = "Gaspar Regular.otf"; sourceTree = "<group>"; };
		8E8900011DADDDD800D81CBA /* MFJinHei_Noncommercial-Regular.ttf */ = {isa = PBXFileReference; lastKnownFileType = file; path = "MFJinHei_Noncommercial-Regular.ttf"; sourceTree = "<group>"; };
		8E8900021DADDDD800D81CBA /* MFTongXin_Noncommercial-Regular.ttf */ = {isa = PBXFileReference; lastKnownFileType = file; path = "MFTongXin_Noncommercial-Regular.ttf"; sourceTree = "<group>"; };
		8E8900031DADDDD800D81CBA /* MFZhiHei_Noncommercial-Regular.ttf */ = {isa = PBXFileReference; lastKnownFileType = file; path = "MFZhiHei_Noncommercial-Regular.ttf"; sourceTree = "<group>"; };
		8E8900081DADDFEC00D81CBA /* FontLearnViewController.swift */ = {isa = PBXFileReference; fileEncoding = 4; lastKnownFileType = sourcecode.swift; path = FontLearnViewController.swift; sourceTree = "<group>"; };
		8E89000A1DADE33A00D81CBA /* BaseNaviController.swift */ = {isa = PBXFileReference; fileEncoding = 4; lastKnownFileType = sourcecode.swift; path = BaseNaviController.swift; sourceTree = "<group>"; };
		8E89000E1DADEC0D00D81CBA /* UINavigationBar+axesome.swift */ = {isa = PBXFileReference; fileEncoding = 4; lastKnownFileType = sourcecode.swift; path = "UINavigationBar+axesome.swift"; sourceTree = "<group>"; };
		8E89FFFA1DADDAAD00D81CBA /* TimeLearnViewController.swift */ = {isa = PBXFileReference; fileEncoding = 4; lastKnownFileType = sourcecode.swift; path = TimeLearnViewController.swift; sourceTree = "<group>"; };
		8ECF6D1B1DB7687100CF42FC /* BackGroundVideoController.swift */ = {isa = PBXFileReference; fileEncoding = 4; lastKnownFileType = sourcecode.swift; path = BackGroundVideoController.swift; sourceTree = "<group>"; };
		8ECF6D1D1DB76A0100CF42FC /* moments.mp4 */ = {isa = PBXFileReference; lastKnownFileType = file; path = moments.mp4; sourceTree = "<group>"; };
		8ECF6D1F1DB777BD00CF42FC /* LoginViewController.swift */ = {isa = PBXFileReference; fileEncoding = 4; lastKnownFileType = sourcecode.swift; path = LoginViewController.swift; sourceTree = "<group>"; };
		8EDE3B761DB5D50300412C49 /* PullRefreshViewController.swift */ = {isa = PBXFileReference; fileEncoding = 4; lastKnownFileType = sourcecode.swift; path = PullRefreshViewController.swift; sourceTree = "<group>"; };
		8EDE3B781DB5FEAD00412C49 /* Ecstasy.mp3 */ = {isa = PBXFileReference; lastKnownFileType = audio.mp3; path = Ecstasy.mp3; sourceTree = "<group>"; };
		8EDE3B7A1DB5FECF00412C49 /* AudioAndColorViewController.swift */ = {isa = PBXFileReference; fileEncoding = 4; lastKnownFileType = sourcecode.swift; path = AudioAndColorViewController.swift; sourceTree = "<group>"; };
		8EDE3B7C1DB60F3B00412C49 /* ImagePreViewController.swift */ = {isa = PBXFileReference; fileEncoding = 4; lastKnownFileType = sourcecode.swift; path = ImagePreViewController.swift; sourceTree = "<group>"; };
		8EDE4FCE1DACE1FF009FD5A3 /* LearningSwift.app */ = {isa = PBXFileReference; explicitFileType = wrapper.application; includeInIndex = 0; path = LearningSwift.app; sourceTree = BUILT_PRODUCTS_DIR; };
		8EDE4FD11DACE1FF009FD5A3 /* AppDelegate.swift */ = {isa = PBXFileReference; lastKnownFileType = sourcecode.swift; path = AppDelegate.swift; sourceTree = "<group>"; };
		8EDE4FD81DACE1FF009FD5A3 /* Assets.xcassets */ = {isa = PBXFileReference; lastKnownFileType = folder.assetcatalog; path = Assets.xcassets; sourceTree = "<group>"; };
		8EDE4FDB1DACE1FF009FD5A3 /* Base */ = {isa = PBXFileReference; lastKnownFileType = file.storyboard; name = Base; path = Base.lproj/LaunchScreen.storyboard; sourceTree = "<group>"; };
		8EDE4FDD1DACE1FF009FD5A3 /* Info.plist */ = {isa = PBXFileReference; lastKnownFileType = text.plist.xml; path = Info.plist; sourceTree = "<group>"; };
		8EDE4FE21DACE1FF009FD5A3 /* LearningSwiftTests.xctest */ = {isa = PBXFileReference; explicitFileType = wrapper.cfbundle; includeInIndex = 0; path = LearningSwiftTests.xctest; sourceTree = BUILT_PRODUCTS_DIR; };
		8EDE4FE61DACE1FF009FD5A3 /* LearningSwiftTests.swift */ = {isa = PBXFileReference; lastKnownFileType = sourcecode.swift; path = LearningSwiftTests.swift; sourceTree = "<group>"; };
		8EDE4FE81DACE1FF009FD5A3 /* Info.plist */ = {isa = PBXFileReference; lastKnownFileType = text.plist.xml; path = Info.plist; sourceTree = "<group>"; };
		8EDE4FED1DACE1FF009FD5A3 /* LearningSwiftUITests.xctest */ = {isa = PBXFileReference; explicitFileType = wrapper.cfbundle; includeInIndex = 0; path = LearningSwiftUITests.xctest; sourceTree = BUILT_PRODUCTS_DIR; };
		8EDE4FF11DACE1FF009FD5A3 /* LearningSwiftUITests.swift */ = {isa = PBXFileReference; lastKnownFileType = sourcecode.swift; path = LearningSwiftUITests.swift; sourceTree = "<group>"; };
		8EDE4FF31DACE1FF009FD5A3 /* Info.plist */ = {isa = PBXFileReference; lastKnownFileType = text.plist.xml; path = Info.plist; sourceTree = "<group>"; };
		8EDE4FFF1DACE3AC009FD5A3 /* MainViewController.swift */ = {isa = PBXFileReference; fileEncoding = 4; lastKnownFileType = sourcecode.swift; path = MainViewController.swift; sourceTree = "<group>"; };
		8EE535481DB1E7FF004BF2F7 /* MoveTestViewController.swift */ = {isa = PBXFileReference; fileEncoding = 4; lastKnownFileType = sourcecode.swift; path = MoveTestViewController.swift; sourceTree = "<group>"; };
		8EE5354A1DB1E810004BF2F7 /* LeftViewController.swift */ = {isa = PBXFileReference; fileEncoding = 4; lastKnownFileType = sourcecode.swift; path = LeftViewController.swift; sourceTree = "<group>"; };
		8EE5354C1DB1E819004BF2F7 /* RightViewController.swift */ = {isa = PBXFileReference; fileEncoding = 4; lastKnownFileType = sourcecode.swift; path = RightViewController.swift; sourceTree = "<group>"; };
		8EE5354E1DB1E822004BF2F7 /* CenterViewController.swift */ = {isa = PBXFileReference; fileEncoding = 4; lastKnownFileType = sourcecode.swift; path = CenterViewController.swift; sourceTree = "<group>"; };
/* End PBXFileReference section */

/* Begin PBXFrameworksBuildPhase section */
		8EDE4FCB1DACE1FF009FD5A3 /* Frameworks */ = {
			isa = PBXFrameworksBuildPhase;
			buildActionMask = 2147483647;
			files = (
			);
			runOnlyForDeploymentPostprocessing = 0;
		};
		8EDE4FDF1DACE1FF009FD5A3 /* Frameworks */ = {
			isa = PBXFrameworksBuildPhase;
			buildActionMask = 2147483647;
			files = (
			);
			runOnlyForDeploymentPostprocessing = 0;
		};
		8EDE4FEA1DACE1FF009FD5A3 /* Frameworks */ = {
			isa = PBXFrameworksBuildPhase;
			buildActionMask = 2147483647;
			files = (
			);
			runOnlyForDeploymentPostprocessing = 0;
		};
/* End PBXFrameworksBuildPhase section */

/* Begin PBXGroup section */
		8E595D0B1DB4D2940078BCC3 /* 16-10-17 */ = {
			isa = PBXGroup;
			children = (
				8E595D0C1DB4D2BC0078BCC3 /* LocationViewController.swift */,
			);
			name = "16-10-17";
			sourceTree = "<group>";
		};
		8E8539B61DB070D7002642BA /* 16-10-14 */ = {
			isa = PBXGroup;
			children = (
				8E8539B71DB0710B002642BA /* ImageBrowserViewController.swift */,
				8E8539B91DB071BF002642BA /* LClineLayout.swift */,
				8E8539BB1DB07275002642BA /* LineCollectionViewCell.swift */,
			);
			name = "16-10-14";
			sourceTree = "<group>";
		};
		8EDE3B751DB5D4D900412C49 /* 16-10-18 */ = {
			isa = PBXGroup;
			children = (
				8EDE3B761DB5D50300412C49 /* PullRefreshViewController.swift */,
				8EDE3B7A1DB5FECF00412C49 /* AudioAndColorViewController.swift */,
				8EDE3B7C1DB60F3B00412C49 /* ImagePreViewController.swift */,
				8E82AAB01DB70BE600286A91 /* ImagePreScrollView.swift */,
				8ECF6D1B1DB7687100CF42FC /* BackGroundVideoController.swift */,
				8ECF6D1F1DB777BD00CF42FC /* LoginViewController.swift */,
			);
			name = "16-10-18";
			sourceTree = "<group>";
		};
		8EDE4FC51DACE1FF009FD5A3 = {
			isa = PBXGroup;
			children = (
				8EDE4FD01DACE1FF009FD5A3 /* LearningSwift */,
				8EDE4FE51DACE1FF009FD5A3 /* LearningSwiftTests */,
				8EDE4FF01DACE1FF009FD5A3 /* LearningSwiftUITests */,
				8EDE4FCF1DACE1FF009FD5A3 /* Products */,
			);
			sourceTree = "<group>";
		};
		8EDE4FCF1DACE1FF009FD5A3 /* Products */ = {
			isa = PBXGroup;
			children = (
				8EDE4FCE1DACE1FF009FD5A3 /* LearningSwift.app */,
				8EDE4FE21DACE1FF009FD5A3 /* LearningSwiftTests.xctest */,
				8EDE4FED1DACE1FF009FD5A3 /* LearningSwiftUITests.xctest */,
			);
			name = Products;
			sourceTree = "<group>";
		};
		8EDE4FD01DACE1FF009FD5A3 /* LearningSwift */ = {
			isa = PBXGroup;
			children = (
				8EDE4FD11DACE1FF009FD5A3 /* AppDelegate.swift */,
				8EDE4FFF1DACE3AC009FD5A3 /* MainViewController.swift */,
				8E6BFC931DACE7C7009B6E10 /* FirstViewController.swift */,
				8E89FFFA1DADDAAD00D81CBA /* TimeLearnViewController.swift */,
				8E8900081DADDFEC00D81CBA /* FontLearnViewController.swift */,
				8E5A20081DAE1E290076CFB1 /* LocalVedioViewController.swift */,
				8E5A200A1DAE1F160076CFB1 /* LocalVedioCell.swift */,
				5011AD1E1DAD33E3007821F5 /* HearderDefine.swift */,
				8E8539B61DB070D7002642BA /* 16-10-14 */,
				8EE535471DB1E7C8004BF2F7 /* 16-10-15 */,
				8E595D0B1DB4D2940078BCC3 /* 16-10-17 */,
				8EDE3B751DB5D4D900412C49 /* 16-10-18 */,
				8E89000A1DADE33A00D81CBA /* BaseNaviController.swift */,
				8E89000E1DADEC0D00D81CBA /* UINavigationBar+axesome.swift */,
				8EDE4FD81DACE1FF009FD5A3 /* Assets.xcassets */,
				8EDE4FDA1DACE1FF009FD5A3 /* LaunchScreen.storyboard */,
				8EDE4FDD1DACE1FF009FD5A3 /* Info.plist */,
				8E8900001DADDDD800D81CBA /* Gaspar Regular.otf */,
				8E5A200C1DAE20780076CFB1 /* emoji zone.mp4 */,
				8ECF6D1D1DB76A0100CF42FC /* moments.mp4 */,
				8EDE3B781DB5FEAD00412C49 /* Ecstasy.mp3 */,
				8E8900011DADDDD800D81CBA /* MFJinHei_Noncommercial-Regular.ttf */,
				8E8900021DADDDD800D81CBA /* MFTongXin_Noncommercial-Regular.ttf */,
				8E8900031DADDDD800D81CBA /* MFZhiHei_Noncommercial-Regular.ttf */,
			);
			path = LearningSwift;
			sourceTree = "<group>";
		};
		8EDE4FE51DACE1FF009FD5A3 /* LearningSwiftTests */ = {
			isa = PBXGroup;
			children = (
				8EDE4FE61DACE1FF009FD5A3 /* LearningSwiftTests.swift */,
				8EDE4FE81DACE1FF009FD5A3 /* Info.plist */,
			);
			path = LearningSwiftTests;
			sourceTree = "<group>";
		};
		8EDE4FF01DACE1FF009FD5A3 /* LearningSwiftUITests */ = {
			isa = PBXGroup;
			children = (
				8EDE4FF11DACE1FF009FD5A3 /* LearningSwiftUITests.swift */,
				8EDE4FF31DACE1FF009FD5A3 /* Info.plist */,
			);
			path = LearningSwiftUITests;
			sourceTree = "<group>";
		};
		8EE535471DB1E7C8004BF2F7 /* 16-10-15 */ = {
			isa = PBXGroup;
			children = (
				8EE535481DB1E7FF004BF2F7 /* MoveTestViewController.swift */,
				8EE5354A1DB1E810004BF2F7 /* LeftViewController.swift */,
				8EE5354C1DB1E819004BF2F7 /* RightViewController.swift */,
				8EE5354E1DB1E822004BF2F7 /* CenterViewController.swift */,
			);
			name = "16-10-15";
			sourceTree = "<group>";
		};
/* End PBXGroup section */

/* Begin PBXNativeTarget section */
		8EDE4FCD1DACE1FF009FD5A3 /* LearningSwift */ = {
			isa = PBXNativeTarget;
			buildConfigurationList = 8EDE4FF61DACE1FF009FD5A3 /* Build configuration list for PBXNativeTarget "LearningSwift" */;
			buildPhases = (
				8EDE4FCA1DACE1FF009FD5A3 /* Sources */,
				8EDE4FCB1DACE1FF009FD5A3 /* Frameworks */,
				8EDE4FCC1DACE1FF009FD5A3 /* Resources */,
			);
			buildRules = (
			);
			dependencies = (
			);
			name = LearningSwift;
			productName = LearningSwift;
			productReference = 8EDE4FCE1DACE1FF009FD5A3 /* LearningSwift.app */;
			productType = "com.apple.product-type.application";
		};
		8EDE4FE11DACE1FF009FD5A3 /* LearningSwiftTests */ = {
			isa = PBXNativeTarget;
			buildConfigurationList = 8EDE4FF91DACE1FF009FD5A3 /* Build configuration list for PBXNativeTarget "LearningSwiftTests" */;
			buildPhases = (
				8EDE4FDE1DACE1FF009FD5A3 /* Sources */,
				8EDE4FDF1DACE1FF009FD5A3 /* Frameworks */,
				8EDE4FE01DACE1FF009FD5A3 /* Resources */,
			);
			buildRules = (
			);
			dependencies = (
				8EDE4FE41DACE1FF009FD5A3 /* PBXTargetDependency */,
			);
			name = LearningSwiftTests;
			productName = LearningSwiftTests;
			productReference = 8EDE4FE21DACE1FF009FD5A3 /* LearningSwiftTests.xctest */;
			productType = "com.apple.product-type.bundle.unit-test";
		};
		8EDE4FEC1DACE1FF009FD5A3 /* LearningSwiftUITests */ = {
			isa = PBXNativeTarget;
			buildConfigurationList = 8EDE4FFC1DACE1FF009FD5A3 /* Build configuration list for PBXNativeTarget "LearningSwiftUITests" */;
			buildPhases = (
				8EDE4FE91DACE1FF009FD5A3 /* Sources */,
				8EDE4FEA1DACE1FF009FD5A3 /* Frameworks */,
				8EDE4FEB1DACE1FF009FD5A3 /* Resources */,
			);
			buildRules = (
			);
			dependencies = (
				8EDE4FEF1DACE1FF009FD5A3 /* PBXTargetDependency */,
			);
			name = LearningSwiftUITests;
			productName = LearningSwiftUITests;
			productReference = 8EDE4FED1DACE1FF009FD5A3 /* LearningSwiftUITests.xctest */;
			productType = "com.apple.product-type.bundle.ui-testing";
		};
/* End PBXNativeTarget section */

/* Begin PBXProject section */
		8EDE4FC61DACE1FF009FD5A3 /* Project object */ = {
			isa = PBXProject;
			attributes = {
				LastSwiftUpdateCheck = 0800;
				LastUpgradeCheck = 0800;
				ORGANIZATIONNAME = fff;
				TargetAttributes = {
					8EDE4FCD1DACE1FF009FD5A3 = {
						CreatedOnToolsVersion = 8.0;
						DevelopmentTeam = 8DC525HRWX;
						ProvisioningStyle = Automatic;
					};
					8EDE4FE11DACE1FF009FD5A3 = {
						CreatedOnToolsVersion = 8.0;
						ProvisioningStyle = Automatic;
						TestTargetID = 8EDE4FCD1DACE1FF009FD5A3;
					};
					8EDE4FEC1DACE1FF009FD5A3 = {
						CreatedOnToolsVersion = 8.0;
						ProvisioningStyle = Automatic;
						TestTargetID = 8EDE4FCD1DACE1FF009FD5A3;
					};
				};
			};
			buildConfigurationList = 8EDE4FC91DACE1FF009FD5A3 /* Build configuration list for PBXProject "LearningSwift" */;
			compatibilityVersion = "Xcode 3.2";
			developmentRegion = English;
			hasScannedForEncodings = 0;
			knownRegions = (
				en,
				Base,
			);
			mainGroup = 8EDE4FC51DACE1FF009FD5A3;
			productRefGroup = 8EDE4FCF1DACE1FF009FD5A3 /* Products */;
			projectDirPath = "";
			projectRoot = "";
			targets = (
				8EDE4FCD1DACE1FF009FD5A3 /* LearningSwift */,
				8EDE4FE11DACE1FF009FD5A3 /* LearningSwiftTests */,
				8EDE4FEC1DACE1FF009FD5A3 /* LearningSwiftUITests */,
			);
		};
/* End PBXProject section */

/* Begin PBXResourcesBuildPhase section */
		8EDE4FCC1DACE1FF009FD5A3 /* Resources */ = {
			isa = PBXResourcesBuildPhase;
			buildActionMask = 2147483647;
			files = (
				8ECF6D1E1DB76A0100CF42FC /* moments.mp4 in Resources */,
				8E5A200D1DAE20780076CFB1 /* emoji zone.mp4 in Resources */,
				8E8900061DADDDD800D81CBA /* MFTongXin_Noncommercial-Regular.ttf in Resources */,
				8E8900071DADDDD800D81CBA /* MFZhiHei_Noncommercial-Regular.ttf in Resources */,
				8EDE4FDC1DACE1FF009FD5A3 /* LaunchScreen.storyboard in Resources */,
				8E8900051DADDDD800D81CBA /* MFJinHei_Noncommercial-Regular.ttf in Resources */,
				8EDE3B791DB5FEAD00412C49 /* Ecstasy.mp3 in Resources */,
				8E8900041DADDDD800D81CBA /* Gaspar Regular.otf in Resources */,
				8EDE4FD91DACE1FF009FD5A3 /* Assets.xcassets in Resources */,
			);
			runOnlyForDeploymentPostprocessing = 0;
		};
		8EDE4FE01DACE1FF009FD5A3 /* Resources */ = {
			isa = PBXResourcesBuildPhase;
			buildActionMask = 2147483647;
			files = (
			);
			runOnlyForDeploymentPostprocessing = 0;
		};
		8EDE4FEB1DACE1FF009FD5A3 /* Resources */ = {
			isa = PBXResourcesBuildPhase;
			buildActionMask = 2147483647;
			files = (
			);
			runOnlyForDeploymentPostprocessing = 0;
		};
/* End PBXResourcesBuildPhase section */

/* Begin PBXSourcesBuildPhase section */
		8EDE4FCA1DACE1FF009FD5A3 /* Sources */ = {
			isa = PBXSourcesBuildPhase;
			buildActionMask = 2147483647;
			files = (
				8EE5354F1DB1E822004BF2F7 /* CenterViewController.swift in Sources */,
				8E8539B81DB0710B002642BA /* ImageBrowserViewController.swift in Sources */,
				8EDE3B771DB5D50300412C49 /* PullRefreshViewController.swift in Sources */,
				8E82AAB11DB70BE600286A91 /* ImagePreScrollView.swift in Sources */,
				8EE5354D1DB1E819004BF2F7 /* RightViewController.swift in Sources */,
				8E5A20091DAE1E290076CFB1 /* LocalVedioViewController.swift in Sources */,
				8ECF6D1C1DB7687100CF42FC /* BackGroundVideoController.swift in Sources */,
				8E8539BA1DB071BF002642BA /* LClineLayout.swift in Sources */,
				8EE5354B1DB1E810004BF2F7 /* LeftViewController.swift in Sources */,
				8EDE3B7D1DB60F3B00412C49 /* ImagePreViewController.swift in Sources */,
				8EE535491DB1E7FF004BF2F7 /* MoveTestViewController.swift in Sources */,
				8E89000F1DADEC0D00D81CBA /* UINavigationBar+axesome.swift in Sources */,
				8ECF6D201DB777BD00CF42FC /* LoginViewController.swift in Sources */,
				5011AD1F1DAD33E3007821F5 /* HearderDefine.swift in Sources */,
				8E6BFC941DACE7C7009B6E10 /* FirstViewController.swift in Sources */,
				8E8539BC1DB07275002642BA /* LineCollectionViewCell.swift in Sources */,
				8E8900091DADDFEC00D81CBA /* FontLearnViewController.swift in Sources */,
				8EDE4FD21DACE1FF009FD5A3 /* AppDelegate.swift in Sources */,
				8E89FFFB1DADDAAD00D81CBA /* TimeLearnViewController.swift in Sources */,
				8E5A200B1DAE1F160076CFB1 /* LocalVedioCell.swift in Sources */,
				8E595D0D1DB4D2BC0078BCC3 /* LocationViewController.swift in Sources */,
				8EDE3B7B1DB5FECF00412C49 /* AudioAndColorViewController.swift in Sources */,
				8EDE50001DACE3AC009FD5A3 /* MainViewController.swift in Sources */,
				8E89000B1DADE33A00D81CBA /* BaseNaviController.swift in Sources */,
			);
			runOnlyForDeploymentPostprocessing = 0;
		};
		8EDE4FDE1DACE1FF009FD5A3 /* Sources */ = {
			isa = PBXSourcesBuildPhase;
			buildActionMask = 2147483647;
			files = (
				8EDE4FE71DACE1FF009FD5A3 /* LearningSwiftTests.swift in Sources */,
			);
			runOnlyForDeploymentPostprocessing = 0;
		};
		8EDE4FE91DACE1FF009FD5A3 /* Sources */ = {
			isa = PBXSourcesBuildPhase;
			buildActionMask = 2147483647;
			files = (
				8EDE4FF21DACE1FF009FD5A3 /* LearningSwiftUITests.swift in Sources */,
			);
			runOnlyForDeploymentPostprocessing = 0;
		};
/* End PBXSourcesBuildPhase section */

/* Begin PBXTargetDependency section */
		8EDE4FE41DACE1FF009FD5A3 /* PBXTargetDependency */ = {
			isa = PBXTargetDependency;
			target = 8EDE4FCD1DACE1FF009FD5A3 /* LearningSwift */;
			targetProxy = 8EDE4FE31DACE1FF009FD5A3 /* PBXContainerItemProxy */;
		};
		8EDE4FEF1DACE1FF009FD5A3 /* PBXTargetDependency */ = {
			isa = PBXTargetDependency;
			target = 8EDE4FCD1DACE1FF009FD5A3 /* LearningSwift */;
			targetProxy = 8EDE4FEE1DACE1FF009FD5A3 /* PBXContainerItemProxy */;
		};
/* End PBXTargetDependency section */

/* Begin PBXVariantGroup section */
		8EDE4FDA1DACE1FF009FD5A3 /* LaunchScreen.storyboard */ = {
			isa = PBXVariantGroup;
			children = (
				8EDE4FDB1DACE1FF009FD5A3 /* Base */,
			);
			name = LaunchScreen.storyboard;
			sourceTree = "<group>";
		};
/* End PBXVariantGroup section */

/* Begin XCBuildConfiguration section */
		8EDE4FF41DACE1FF009FD5A3 /* Debug */ = {
			isa = XCBuildConfiguration;
			buildSettings = {
				ALWAYS_SEARCH_USER_PATHS = NO;
				CLANG_ANALYZER_NONNULL = YES;
				CLANG_CXX_LANGUAGE_STANDARD = "gnu++0x";
				CLANG_CXX_LIBRARY = "libc++";
				CLANG_ENABLE_MODULES = YES;
				CLANG_ENABLE_OBJC_ARC = YES;
				CLANG_WARN_BOOL_CONVERSION = YES;
				CLANG_WARN_CONSTANT_CONVERSION = YES;
				CLANG_WARN_DIRECT_OBJC_ISA_USAGE = YES_ERROR;
				CLANG_WARN_DOCUMENTATION_COMMENTS = YES;
				CLANG_WARN_EMPTY_BODY = YES;
				CLANG_WARN_ENUM_CONVERSION = YES;
				CLANG_WARN_INFINITE_RECURSION = YES;
				CLANG_WARN_INT_CONVERSION = YES;
				CLANG_WARN_OBJC_ROOT_CLASS = YES_ERROR;
				CLANG_WARN_SUSPICIOUS_MOVES = YES;
				CLANG_WARN_UNREACHABLE_CODE = YES;
				CLANG_WARN__DUPLICATE_METHOD_MATCH = YES;
				"CODE_SIGN_IDENTITY[sdk=iphoneos*]" = "iPhone Developer";
				COPY_PHASE_STRIP = NO;
				DEBUG_INFORMATION_FORMAT = dwarf;
				ENABLE_STRICT_OBJC_MSGSEND = YES;
				ENABLE_TESTABILITY = YES;
				GCC_C_LANGUAGE_STANDARD = gnu99;
				GCC_DYNAMIC_NO_PIC = NO;
				GCC_NO_COMMON_BLOCKS = YES;
				GCC_OPTIMIZATION_LEVEL = 0;
				GCC_PREPROCESSOR_DEFINITIONS = (
					"DEBUG=1",
					"$(inherited)",
				);
				GCC_WARN_64_TO_32_BIT_CONVERSION = YES;
				GCC_WARN_ABOUT_RETURN_TYPE = YES_ERROR;
				GCC_WARN_UNDECLARED_SELECTOR = YES;
				GCC_WARN_UNINITIALIZED_AUTOS = YES_AGGRESSIVE;
				GCC_WARN_UNUSED_FUNCTION = YES;
				GCC_WARN_UNUSED_VARIABLE = YES;
				IPHONEOS_DEPLOYMENT_TARGET = 10.0;
				MTL_ENABLE_DEBUG_INFO = YES;
				ONLY_ACTIVE_ARCH = YES;
				SDKROOT = iphoneos;
				SWIFT_ACTIVE_COMPILATION_CONDITIONS = DEBUG;
				SWIFT_OPTIMIZATION_LEVEL = "-Onone";
			};
			name = Debug;
		};
		8EDE4FF51DACE1FF009FD5A3 /* Release */ = {
			isa = XCBuildConfiguration;
			buildSettings = {
				ALWAYS_SEARCH_USER_PATHS = NO;
				CLANG_ANALYZER_NONNULL = YES;
				CLANG_CXX_LANGUAGE_STANDARD = "gnu++0x";
				CLANG_CXX_LIBRARY = "libc++";
				CLANG_ENABLE_MODULES = YES;
				CLANG_ENABLE_OBJC_ARC = YES;
				CLANG_WARN_BOOL_CONVERSION = YES;
				CLANG_WARN_CONSTANT_CONVERSION = YES;
				CLANG_WARN_DIRECT_OBJC_ISA_USAGE = YES_ERROR;
				CLANG_WARN_DOCUMENTATION_COMMENTS = YES;
				CLANG_WARN_EMPTY_BODY = YES;
				CLANG_WARN_ENUM_CONVERSION = YES;
				CLANG_WARN_INFINITE_RECURSION = YES;
				CLANG_WARN_INT_CONVERSION = YES;
				CLANG_WARN_OBJC_ROOT_CLASS = YES_ERROR;
				CLANG_WARN_SUSPICIOUS_MOVES = YES;
				CLANG_WARN_UNREACHABLE_CODE = YES;
				CLANG_WARN__DUPLICATE_METHOD_MATCH = YES;
				"CODE_SIGN_IDENTITY[sdk=iphoneos*]" = "iPhone Developer";
				COPY_PHASE_STRIP = NO;
				DEBUG_INFORMATION_FORMAT = "dwarf-with-dsym";
				ENABLE_NS_ASSERTIONS = NO;
				ENABLE_STRICT_OBJC_MSGSEND = YES;
				GCC_C_LANGUAGE_STANDARD = gnu99;
				GCC_NO_COMMON_BLOCKS = YES;
				GCC_WARN_64_TO_32_BIT_CONVERSION = YES;
				GCC_WARN_ABOUT_RETURN_TYPE = YES_ERROR;
				GCC_WARN_UNDECLARED_SELECTOR = YES;
				GCC_WARN_UNINITIALIZED_AUTOS = YES_AGGRESSIVE;
				GCC_WARN_UNUSED_FUNCTION = YES;
				GCC_WARN_UNUSED_VARIABLE = YES;
				IPHONEOS_DEPLOYMENT_TARGET = 10.0;
				MTL_ENABLE_DEBUG_INFO = NO;
				SDKROOT = iphoneos;
				SWIFT_OPTIMIZATION_LEVEL = "-Owholemodule";
				VALIDATE_PRODUCT = YES;
			};
			name = Release;
		};
		8EDE4FF71DACE1FF009FD5A3 /* Debug */ = {
			isa = XCBuildConfiguration;
			buildSettings = {
				ASSETCATALOG_COMPILER_APPICON_NAME = AppIcon;
				DEVELOPMENT_TEAM = 8DC525HRWX;
				GCC_PREFIX_HEADER = "$(SRCROOT)/LearningSwift/PrefixHeader.pch";
				INFOPLIST_FILE = LearningSwift/Info.plist;
				LD_RUNPATH_SEARCH_PATHS = "$(inherited) @executable_path/Frameworks";
				PRODUCT_BUNDLE_IDENTIFIER = fff.LearningSwift;
				PRODUCT_NAME = "$(TARGET_NAME)";
				SWIFT_VERSION = 3.0;
			};
			name = Debug;
		};
		8EDE4FF81DACE1FF009FD5A3 /* Release */ = {
			isa = XCBuildConfiguration;
			buildSettings = {
				ASSETCATALOG_COMPILER_APPICON_NAME = AppIcon;
				DEVELOPMENT_TEAM = 8DC525HRWX;
				GCC_PREFIX_HEADER = "$(SRCROOT)/LearningSwift/PrefixHeader.pch";
				INFOPLIST_FILE = LearningSwift/Info.plist;
				LD_RUNPATH_SEARCH_PATHS = "$(inherited) @executable_path/Frameworks";
				PRODUCT_BUNDLE_IDENTIFIER = fff.LearningSwift;
				PRODUCT_NAME = "$(TARGET_NAME)";
				SWIFT_VERSION = 3.0;
			};
			name = Release;
		};
		8EDE4FFA1DACE1FF009FD5A3 /* Debug */ = {
			isa = XCBuildConfiguration;
			buildSettings = {
				ALWAYS_EMBED_SWIFT_STANDARD_LIBRARIES = YES;
				BUNDLE_LOADER = "$(TEST_HOST)";
				INFOPLIST_FILE = LearningSwiftTests/Info.plist;
				LD_RUNPATH_SEARCH_PATHS = "$(inherited) @executable_path/Frameworks @loader_path/Frameworks";
				PRODUCT_BUNDLE_IDENTIFIER = fff.LearningSwiftTests;
				PRODUCT_NAME = "$(TARGET_NAME)";
				SWIFT_VERSION = 3.0;
				TEST_HOST = "$(BUILT_PRODUCTS_DIR)/LearningSwift.app/LearningSwift";
			};
			name = Debug;
		};
		8EDE4FFB1DACE1FF009FD5A3 /* Release */ = {
			isa = XCBuildConfiguration;
			buildSettings = {
				ALWAYS_EMBED_SWIFT_STANDARD_LIBRARIES = YES;
				BUNDLE_LOADER = "$(TEST_HOST)";
				INFOPLIST_FILE = LearningSwiftTests/Info.plist;
				LD_RUNPATH_SEARCH_PATHS = "$(inherited) @executable_path/Frameworks @loader_path/Frameworks";
				PRODUCT_BUNDLE_IDENTIFIER = fff.LearningSwiftTests;
				PRODUCT_NAME = "$(TARGET_NAME)";
				SWIFT_VERSION = 3.0;
				TEST_HOST = "$(BUILT_PRODUCTS_DIR)/LearningSwift.app/LearningSwift";
			};
			name = Release;
		};
		8EDE4FFD1DACE1FF009FD5A3 /* Debug */ = {
			isa = XCBuildConfiguration;
			buildSettings = {
				ALWAYS_EMBED_SWIFT_STANDARD_LIBRARIES = YES;
				INFOPLIST_FILE = LearningSwiftUITests/Info.plist;
				LD_RUNPATH_SEARCH_PATHS = "$(inherited) @executable_path/Frameworks @loader_path/Frameworks";
				PRODUCT_BUNDLE_IDENTIFIER = fff.LearningSwiftUITests;
				PRODUCT_NAME = "$(TARGET_NAME)";
				SWIFT_VERSION = 3.0;
				TEST_TARGET_NAME = LearningSwift;
			};
			name = Debug;
		};
		8EDE4FFE1DACE1FF009FD5A3 /* Release */ = {
			isa = XCBuildConfiguration;
			buildSettings = {
				ALWAYS_EMBED_SWIFT_STANDARD_LIBRARIES = YES;
				INFOPLIST_FILE = LearningSwiftUITests/Info.plist;
				LD_RUNPATH_SEARCH_PATHS = "$(inherited) @executable_path/Frameworks @loader_path/Frameworks";
				PRODUCT_BUNDLE_IDENTIFIER = fff.LearningSwiftUITests;
				PRODUCT_NAME = "$(TARGET_NAME)";
				SWIFT_VERSION = 3.0;
				TEST_TARGET_NAME = LearningSwift;
			};
			name = Release;
		};
/* End XCBuildConfiguration section */

/* Begin XCConfigurationList section */
		8EDE4FC91DACE1FF009FD5A3 /* Build configuration list for PBXProject "LearningSwift" */ = {
			isa = XCConfigurationList;
			buildConfigurations = (
				8EDE4FF41DACE1FF009FD5A3 /* Debug */,
				8EDE4FF51DACE1FF009FD5A3 /* Release */,
			);
			defaultConfigurationIsVisible = 0;
			defaultConfigurationName = Release;
		};
		8EDE4FF61DACE1FF009FD5A3 /* Build configuration list for PBXNativeTarget "LearningSwift" */ = {
			isa = XCConfigurationList;
			buildConfigurations = (
				8EDE4FF71DACE1FF009FD5A3 /* Debug */,
				8EDE4FF81DACE1FF009FD5A3 /* Release */,
			);
			defaultConfigurationIsVisible = 0;
			defaultConfigurationName = Release;
		};
		8EDE4FF91DACE1FF009FD5A3 /* Build configuration list for PBXNativeTarget "LearningSwiftTests" */ = {
			isa = XCConfigurationList;
			buildConfigurations = (
				8EDE4FFA1DACE1FF009FD5A3 /* Debug */,
				8EDE4FFB1DACE1FF009FD5A3 /* Release */,
			);
			defaultConfigurationIsVisible = 0;
			defaultConfigurationName = Release;
		};
		8EDE4FFC1DACE1FF009FD5A3 /* Build configuration list for PBXNativeTarget "LearningSwiftUITests" */ = {
			isa = XCConfigurationList;
			buildConfigurations = (
				8EDE4FFD1DACE1FF009FD5A3 /* Debug */,
				8EDE4FFE1DACE1FF009FD5A3 /* Release */,
			);
			defaultConfigurationIsVisible = 0;
			defaultConfigurationName = Release;
		};
/* End XCConfigurationList section */
	};
	rootObject = 8EDE4FC61DACE1FF009FD5A3 /* Project object */;
}
